
Microsoft Visual Studio Solution File, Format Version 12.00
# Visual Studio Version 17
VisualStudioVersion = 17.11.35327.3
MinimumVisualStudioVersion = 10.0.40219.1
Project("{FAE04EC0-301F-11D3-BF4B-00C04F79EFBC}") = "Textkart", "Textkart\Textkart.csproj", "{AEF807DB-3CB4-4930-9F71-1F2CF34F0A63}"
EndProject
Global
	GlobalSection(SolutionConfigurationPlatforms) = preSolution
		Debug|Any CPU = Debug|Any CPU
		Release|Any CPU = Release|Any CPU
	EndGlobalSection
	GlobalSection(ProjectConfigurationPlatforms) = postSolution
		{AEF807DB-3CB4-4930-9F71-1F2CF34F0A63}.Debug|Any CPU.ActiveCfg = Debug|Any CPU
		{AEF807DB-3CB4-4930-9F71-1F2CF34F0A63}.Debug|Any CPU.Build.0 = Debug|Any CPU
		{AEF807DB-3CB4-4930-9F71-1F2CF34F0A63}.Release|Any CPU.ActiveCfg = Release|Any CPU
		{AEF807DB-3CB4-4930-9F71-1F2CF34F0A63}.Release|Any CPU.Build.0 = Release|Any CPU
	EndGlobalSection
	GlobalSection(SolutionProperties) = preSolution
		HideSolutionNode = FALSE
	EndGlobalSection
	GlobalSection(ExtensibilityGlobals) = postSolution
		SolutionGuid = {4F7C5DAE-BD31-4588-B119-5E2BA77ACD31}
	EndGlobalSection
EndGlobal
